
Microsoft Visual Studio Solution File, Format Version 12.00
# Visual Studio Version 17
VisualStudioVersion = 17.2.32616.157
MinimumVisualStudioVersion = 10.0.40219.1
Project("{FAE04EC0-301F-11D3-BF4B-00C04F79EFBC}") = "规则引擎测", "规则引擎测\规则引擎测.csproj", "{BF25999A-B8E3-47CE-B424-7B679686C540}"
EndProject
Project("{9A19103F-16F7-4668-BE54-9A1E7A4F7556}") = "LuaRule", "LuaRule\LuaRule.csproj", "{0BE58CFB-56E3-4EC1-A06E-9DCEB563930A}"
EndProject
Project("{FAE04EC0-301F-11D3-BF4B-00C04F79EFBC}") = "PythonRule", "PythonRule\PythonRule.csproj", "{8940B7E6-719C-4690-96EF-29E1095791C7}"
EndProject
Project("{FAE04EC0-301F-11D3-BF4B-00C04F79EFBC}") = "OPC.Test", "OPC.Test\OPC.Test.csproj", "{D4E90DCE-912F-4CCC-A7B7-BEAE73E547B6}"
EndProject
Project("{FAE04EC0-301F-11D3-BF4B-00C04F79EFBC}") = "LuaRuleManager", "LuaRuleManager\LuaRuleManager.csproj", "{31A3B568-01D1-41A5-80B4-586381AB704B}"
EndProject
Project("{FAE04EC0-301F-11D3-BF4B-00C04F79EFBC}") = "SqliteInMomoery", "SqliteInMomoery\SqliteInMomoery.csproj", "{26B37445-DCB9-4B7F-8D29-F06B2D2F7C56}"
EndProject
Project("{9A19103F-16F7-4668-BE54-9A1E7A4F7556}") = "JsonParser", "JsonParser\JsonParser.csproj", "{EB0E829B-3D7A-4120-9E20-F4A97B05BC16}"
EndProject
Project("{9A19103F-16F7-4668-BE54-9A1E7A4F7556}") = "Workflow", "Workflow\Workflow.csproj", "{334B05F4-1179-447C-976F-2A8281EBEE4A}"
EndProject
Project("{9A19103F-16F7-4668-BE54-9A1E7A4F7556}") = "S7", "S7\S7.csproj", "{E5652E5D-2E70-4000-9A2A-F393259CC277}"
EndProject
Project("{9A19103F-16F7-4668-BE54-9A1E7A4F7556}") = "Distributed", "Distributed\Distributed.csproj", "{B9E2E217-B8EA-421F-892E-37FBE166D643}"
EndProject
Project("{9A19103F-16F7-4668-BE54-9A1E7A4F7556}") = "RedisTest", "RedisTest\RedisTest.csproj", "{855A4079-5E11-4790-9258-0701C901F1FE}"
EndProject
Project("{9A19103F-16F7-4668-BE54-9A1E7A4F7556}") = "OrleansClient", "OrleansClient\OrleansClient.csproj", "{40C43D6E-8416-4F6D-B626-BE336DE08DF3}"
EndProject
Project("{9A19103F-16F7-4668-BE54-9A1E7A4F7556}") = "OrleansServer", "OrleansServer\OrleansServer.csproj", "{2BB1C249-55D0-4195-AAD6-A6EE2B7CB781}"
EndProject
Project("{2150E333-8FDC-42A3-9474-1A3956D46DE8}") = "Orleans事件总线", "Orleans事件总线", "{4A6C828A-839C-45F8-94F7-17BAC63B8D29}"
EndProject
Project("{2150E333-8FDC-42A3-9474-1A3956D46DE8}") = "Grains", "Grains", "{18890578-CD2F-424B-860B-218D6996DDEF}"
EndProject
Project("{9A19103F-16F7-4668-BE54-9A1E7A4F7556}") = "OrleansGrain", "OrleansGrain\OrleansGrain.csproj", "{960BC4E0-31A6-46C0-8990-0A79B78AD30C}"
EndProject
Project("{9A19103F-16F7-4668-BE54-9A1E7A4F7556}") = "OrleansIGrain", "OrleansIGrain\OrleansIGrain.csproj", "{BA84B6E3-DCE8-4BA1-8B41-F8D49D70A337}"
EndProject
Project("{9A19103F-16F7-4668-BE54-9A1E7A4F7556}") = "OrleansModel", "OrleansModel\OrleansModel.csproj", "{CD5835C6-2C41-4E08-AEEC-095FD616A117}"
EndProject
Project("{9A19103F-16F7-4668-BE54-9A1E7A4F7556}") = "CAP", "CAP\CAP.csproj", "{F047AD0D-6CBC-464B-AE0E-0DFB88C1F35F}"
EndProject
Project("{9A19103F-16F7-4668-BE54-9A1E7A4F7556}") = "ChangyanTest", "ChangyanTest\ChangyanTest.csproj", "{DAB82B9B-527E-4BE2-BEED-59E6339875C0}"
EndProject
Project("{2150E333-8FDC-42A3-9474-1A3956D46DE8}") = "OPC", "OPC", "{2B6BB370-8DCB-469A-8CE3-0B7491F702A2}"
EndProject
Project("{9A19103F-16F7-4668-BE54-9A1E7A4F7556}") = "OpcT", "OpcT\OpcT.csproj", "{82B3D597-7598-46E7-967E-CCAA60519F20}"
EndProject
Project("{2150E333-8FDC-42A3-9474-1A3956D46DE8}") = "Google.FlatBuffers缓存对比", "Google.FlatBuffers缓存对比", "{B5B5A8CF-E12C-44AB-B3BC-F74561624887}"
EndProject
Project("{9A19103F-16F7-4668-BE54-9A1E7A4F7556}") = "CacheTest", "CacheTest\CacheTest.csproj", "{9472AEBA-79D9-48ED-8EBC-79DA9CC858ED}"
EndProject
Project("{2150E333-8FDC-42A3-9474-1A3956D46DE8}") = "主从切换", "主从切换", "{92ACC859-244C-4BA0-AA02-491C4C427BC4}"
EndProject
Project("{9A19103F-16F7-4668-BE54-9A1E7A4F7556}") = "Websocket", "Websocket\Websocket.csproj", "{3945CC15-A375-4FF3-B2D1-086DF1B3DBF5}"
EndProject
Project("{9A19103F-16F7-4668-BE54-9A1E7A4F7556}") = "Ys.Scada.Websocket", "Ys.Scada.Websocket\Ys.Scada.Websocket.csproj", "{6C1CB4A6-23EF-4DE9-BCAB-3BC3C2D13D92}"
EndProject
Project("{9A19103F-16F7-4668-BE54-9A1E7A4F7556}") = "WebsocketClient", "WebsocketClient\WebsocketClient.csproj", "{68ACDD19-80E3-4C42-B4AF-CA007713D0CB}"
EndProject
Project("{2150E333-8FDC-42A3-9474-1A3956D46DE8}") = "项目驱动测试", "项目驱动测试", "{793573AD-4E80-492D-8D8E-3C30C2D66D71}"
EndProject
Project("{2150E333-8FDC-42A3-9474-1A3956D46DE8}") = "网络测试", "网络测试", "{2E90BDDC-45BE-43D2-A686-DC6B7E2CD0D3}"
EndProject
Project("{2150E333-8FDC-42A3-9474-1A3956D46DE8}") = "JSON转Table", "JSON转Table", "{01A177A7-9238-48BF-BD8A-BE8E2EE44C16}"
EndProject
Project("{2150E333-8FDC-42A3-9474-1A3956D46DE8}") = "LUA测试", "LUA测试", "{9FD26C66-A3D5-4829-9776-F9F29C149D1F}"
EndProject
Project("{2150E333-8FDC-42A3-9474-1A3956D46DE8}") = "工作流测试", "工作流测试", "{C0C61F61-3A29-4951-8CD6-AF3FCCEF0E48}"
EndProject
Project("{2150E333-8FDC-42A3-9474-1A3956D46DE8}") = "sqlite测试", "sqlite测试", "{484241F9-6777-4264-A3DE-E55FBBC9783E}"
EndProject
Project("{2150E333-8FDC-42A3-9474-1A3956D46DE8}") = "Python脚本测试", "Python脚本测试", "{EAECF52D-8C68-4673-A44D-12F92ACE2D5E}"
EndProject
Project("{2150E333-8FDC-42A3-9474-1A3956D46DE8}") = "Redis多线程模型测试", "Redis多线程模型测试", "{BD95A352-713B-41E4-976E-F7BF485A80A9}"
EndProject
Global
	GlobalSection(SolutionConfigurationPlatforms) = preSolution
		Debug|Any CPU = Debug|Any CPU
		Debug|x64 = Debug|x64
		Debug|x86 = Debug|x86
		Release|Any CPU = Release|Any CPU
		Release|x64 = Release|x64
		Release|x86 = Release|x86
	EndGlobalSection
	GlobalSection(ProjectConfigurationPlatforms) = postSolution
		{BF25999A-B8E3-47CE-B424-7B679686C540}.Debug|Any CPU.ActiveCfg = Debug|Any CPU
		{BF25999A-B8E3-47CE-B424-7B679686C540}.Debug|Any CPU.Build.0 = Debug|Any CPU
		{BF25999A-B8E3-47CE-B424-7B679686C540}.Debug|x64.ActiveCfg = Debug|Any CPU
		{BF25999A-B8E3-47CE-B424-7B679686C540}.Debug|x64.Build.0 = Debug|Any CPU
		{BF25999A-B8E3-47CE-B424-7B679686C540}.Debug|x86.ActiveCfg = Debug|Any CPU
		{BF25999A-B8E3-47CE-B424-7B679686C540}.Debug|x86.Build.0 = Debug|Any CPU
		{BF25999A-B8E3-47CE-B424-7B679686C540}.Release|Any CPU.ActiveCfg = Release|Any CPU
		{BF25999A-B8E3-47CE-B424-7B679686C540}.Release|Any CPU.Build.0 = Release|Any CPU
		{BF25999A-B8E3-47CE-B424-7B679686C540}.Release|x64.ActiveCfg = Release|Any CPU
		{BF25999A-B8E3-47CE-B424-7B679686C540}.Release|x64.Build.0 = Release|Any CPU
		{BF25999A-B8E3-47CE-B424-7B679686C540}.Release|x86.ActiveCfg = Release|Any CPU
		{BF25999A-B8E3-47CE-B424-7B679686C540}.Release|x86.Build.0 = Release|Any CPU
		{0BE58CFB-56E3-4EC1-A06E-9DCEB563930A}.Debug|Any CPU.ActiveCfg = Debug|Any CPU
		{0BE58CFB-56E3-4EC1-A06E-9DCEB563930A}.Debug|Any CPU.Build.0 = Debug|Any CPU
		{0BE58CFB-56E3-4EC1-A06E-9DCEB563930A}.Debug|x64.ActiveCfg = Debug|Any CPU
		{0BE58CFB-56E3-4EC1-A06E-9DCEB563930A}.Debug|x64.Build.0 = Debug|Any CPU
		{0BE58CFB-56E3-4EC1-A06E-9DCEB563930A}.Debug|x86.ActiveCfg = Debug|Any CPU
		{0BE58CFB-56E3-4EC1-A06E-9DCEB563930A}.Debug|x86.Build.0 = Debug|Any CPU
		{0BE58CFB-56E3-4EC1-A06E-9DCEB563930A}.Release|Any CPU.ActiveCfg = Release|Any CPU
		{0BE58CFB-56E3-4EC1-A06E-9DCEB563930A}.Release|Any CPU.Build.0 = Release|Any CPU
		{0BE58CFB-56E3-4EC1-A06E-9DCEB563930A}.Release|x64.ActiveCfg = Release|Any CPU
		{0BE58CFB-56E3-4EC1-A06E-9DCEB563930A}.Release|x64.Build.0 = Release|Any CPU
		{0BE58CFB-56E3-4EC1-A06E-9DCEB563930A}.Release|x86.ActiveCfg = Release|Any CPU
		{0BE58CFB-56E3-4EC1-A06E-9DCEB563930A}.Release|x86.Build.0 = Release|Any CPU
		{8940B7E6-719C-4690-96EF-29E1095791C7}.Debug|Any CPU.ActiveCfg = Debug|Any CPU
		{8940B7E6-719C-4690-96EF-29E1095791C7}.Debug|Any CPU.Build.0 = Debug|Any CPU
		{8940B7E6-719C-4690-96EF-29E1095791C7}.Debug|x64.ActiveCfg = Debug|Any CPU
		{8940B7E6-719C-4690-96EF-29E1095791C7}.Debug|x64.Build.0 = Debug|Any CPU
		{8940B7E6-719C-4690-96EF-29E1095791C7}.Debug|x86.ActiveCfg = Debug|Any CPU
		{8940B7E6-719C-4690-96EF-29E1095791C7}.Debug|x86.Build.0 = Debug|Any CPU
		{8940B7E6-719C-4690-96EF-29E1095791C7}.Release|Any CPU.ActiveCfg = Release|Any CPU
		{8940B7E6-719C-4690-96EF-29E1095791C7}.Release|Any CPU.Build.0 = Release|Any CPU
		{8940B7E6-719C-4690-96EF-29E1095791C7}.Release|x64.ActiveCfg = Release|Any CPU
		{8940B7E6-719C-4690-96EF-29E1095791C7}.Release|x64.Build.0 = Release|Any CPU
		{8940B7E6-719C-4690-96EF-29E1095791C7}.Release|x86.ActiveCfg = Release|Any CPU
		{8940B7E6-719C-4690-96EF-29E1095791C7}.Release|x86.Build.0 = Release|Any CPU
		{D4E90DCE-912F-4CCC-A7B7-BEAE73E547B6}.Debug|Any CPU.ActiveCfg = Debug|Any CPU
		{D4E90DCE-912F-4CCC-A7B7-BEAE73E547B6}.Debug|Any CPU.Build.0 = Debug|Any CPU
		{D4E90DCE-912F-4CCC-A7B7-BEAE73E547B6}.Debug|x64.ActiveCfg = Debug|Any CPU
		{D4E90DCE-912F-4CCC-A7B7-BEAE73E547B6}.Debug|x64.Build.0 = Debug|Any CPU
		{D4E90DCE-912F-4CCC-A7B7-BEAE73E547B6}.Debug|x86.ActiveCfg = Debug|Any CPU
		{D4E90DCE-912F-4CCC-A7B7-BEAE73E547B6}.Debug|x86.Build.0 = Debug|Any CPU
		{D4E90DCE-912F-4CCC-A7B7-BEAE73E547B6}.Release|Any CPU.ActiveCfg = Release|Any CPU
		{D4E90DCE-912F-4CCC-A7B7-BEAE73E547B6}.Release|Any CPU.Build.0 = Release|Any CPU
		{D4E90DCE-912F-4CCC-A7B7-BEAE73E547B6}.Release|x64.ActiveCfg = Release|Any CPU
		{D4E90DCE-912F-4CCC-A7B7-BEAE73E547B6}.Release|x64.Build.0 = Release|Any CPU
		{D4E90DCE-912F-4CCC-A7B7-BEAE73E547B6}.Release|x86.ActiveCfg = Release|Any CPU
		{D4E90DCE-912F-4CCC-A7B7-BEAE73E547B6}.Release|x86.Build.0 = Release|Any CPU
		{31A3B568-01D1-41A5-80B4-586381AB704B}.Debug|Any CPU.ActiveCfg = Debug|Any CPU
		{31A3B568-01D1-41A5-80B4-586381AB704B}.Debug|Any CPU.Build.0 = Debug|Any CPU
		{31A3B568-01D1-41A5-80B4-586381AB704B}.Debug|x64.ActiveCfg = Debug|Any CPU
		{31A3B568-01D1-41A5-80B4-586381AB704B}.Debug|x64.Build.0 = Debug|Any CPU
		{31A3B568-01D1-41A5-80B4-586381AB704B}.Debug|x86.ActiveCfg = Debug|Any CPU
		{31A3B568-01D1-41A5-80B4-586381AB704B}.Debug|x86.Build.0 = Debug|Any CPU
		{31A3B568-01D1-41A5-80B4-586381AB704B}.Release|Any CPU.ActiveCfg = Release|Any CPU
		{31A3B568-01D1-41A5-80B4-586381AB704B}.Release|Any CPU.Build.0 = Release|Any CPU
		{31A3B568-01D1-41A5-80B4-586381AB704B}.Release|x64.ActiveCfg = Release|Any CPU
		{31A3B568-01D1-41A5-80B4-586381AB704B}.Release|x64.Build.0 = Release|Any CPU
		{31A3B568-01D1-41A5-80B4-586381AB704B}.Release|x86.ActiveCfg = Release|Any CPU
		{31A3B568-01D1-41A5-80B4-586381AB704B}.Release|x86.Build.0 = Release|Any CPU
		{26B37445-DCB9-4B7F-8D29-F06B2D2F7C56}.Debug|Any CPU.ActiveCfg = Debug|Any CPU
		{26B37445-DCB9-4B7F-8D29-F06B2D2F7C56}.Debug|Any CPU.Build.0 = Debug|Any CPU
		{26B37445-DCB9-4B7F-8D29-F06B2D2F7C56}.Debug|x64.ActiveCfg = Debug|Any CPU
		{26B37445-DCB9-4B7F-8D29-F06B2D2F7C56}.Debug|x64.Build.0 = Debug|Any CPU
		{26B37445-DCB9-4B7F-8D29-F06B2D2F7C56}.Debug|x86.ActiveCfg = Debug|Any CPU
		{26B37445-DCB9-4B7F-8D29-F06B2D2F7C56}.Debug|x86.Build.0 = Debug|Any CPU
		{26B37445-DCB9-4B7F-8D29-F06B2D2F7C56}.Release|Any CPU.ActiveCfg = Release|Any CPU
		{26B37445-DCB9-4B7F-8D29-F06B2D2F7C56}.Release|Any CPU.Build.0 = Release|Any CPU
		{26B37445-DCB9-4B7F-8D29-F06B2D2F7C56}.Release|x64.ActiveCfg = Release|Any CPU
		{26B37445-DCB9-4B7F-8D29-F06B2D2F7C56}.Release|x64.Build.0 = Release|Any CPU
		{26B37445-DCB9-4B7F-8D29-F06B2D2F7C56}.Release|x86.ActiveCfg = Release|Any CPU
		{26B37445-DCB9-4B7F-8D29-F06B2D2F7C56}.Release|x86.Build.0 = Release|Any CPU
		{EB0E829B-3D7A-4120-9E20-F4A97B05BC16}.Debug|Any CPU.ActiveCfg = Debug|Any CPU
		{EB0E829B-3D7A-4120-9E20-F4A97B05BC16}.Debug|Any CPU.Build.0 = Debug|Any CPU
		{EB0E829B-3D7A-4120-9E20-F4A97B05BC16}.Debug|x64.ActiveCfg = Debug|Any CPU
		{EB0E829B-3D7A-4120-9E20-F4A97B05BC16}.Debug|x64.Build.0 = Debug|Any CPU
		{EB0E829B-3D7A-4120-9E20-F4A97B05BC16}.Debug|x86.ActiveCfg = Debug|Any CPU
		{EB0E829B-3D7A-4120-9E20-F4A97B05BC16}.Debug|x86.Build.0 = Debug|Any CPU
		{EB0E829B-3D7A-4120-9E20-F4A97B05BC16}.Release|Any CPU.ActiveCfg = Release|Any CPU
		{EB0E829B-3D7A-4120-9E20-F4A97B05BC16}.Release|Any CPU.Build.0 = Release|Any CPU
		{EB0E829B-3D7A-4120-9E20-F4A97B05BC16}.Release|x64.ActiveCfg = Release|Any CPU
		{EB0E829B-3D7A-4120-9E20-F4A97B05BC16}.Release|x64.Build.0 = Release|Any CPU
		{EB0E829B-3D7A-4120-9E20-F4A97B05BC16}.Release|x86.ActiveCfg = Release|Any CPU
		{EB0E829B-3D7A-4120-9E20-F4A97B05BC16}.Release|x86.Build.0 = Release|Any CPU
		{334B05F4-1179-447C-976F-2A8281EBEE4A}.Debug|Any CPU.ActiveCfg = Debug|Any CPU
		{334B05F4-1179-447C-976F-2A8281EBEE4A}.Debug|Any CPU.Build.0 = Debug|Any CPU
		{334B05F4-1179-447C-976F-2A8281EBEE4A}.Debug|x64.ActiveCfg = Debug|Any CPU
		{334B05F4-1179-447C-976F-2A8281EBEE4A}.Debug|x64.Build.0 = Debug|Any CPU
		{334B05F4-1179-447C-976F-2A8281EBEE4A}.Debug|x86.ActiveCfg = Debug|Any CPU
		{334B05F4-1179-447C-976F-2A8281EBEE4A}.Debug|x86.Build.0 = Debug|Any CPU
		{334B05F4-1179-447C-976F-2A8281EBEE4A}.Release|Any CPU.ActiveCfg = Release|Any CPU
		{334B05F4-1179-447C-976F-2A8281EBEE4A}.Release|Any CPU.Build.0 = Release|Any CPU
		{334B05F4-1179-447C-976F-2A8281EBEE4A}.Release|x64.ActiveCfg = Release|Any CPU
		{334B05F4-1179-447C-976F-2A8281EBEE4A}.Release|x64.Build.0 = Release|Any CPU
		{334B05F4-1179-447C-976F-2A8281EBEE4A}.Release|x86.ActiveCfg = Release|Any CPU
		{334B05F4-1179-447C-976F-2A8281EBEE4A}.Release|x86.Build.0 = Release|Any CPU
		{E5652E5D-2E70-4000-9A2A-F393259CC277}.Debug|Any CPU.ActiveCfg = Debug|Any CPU
		{E5652E5D-2E70-4000-9A2A-F393259CC277}.Debug|Any CPU.Build.0 = Debug|Any CPU
		{E5652E5D-2E70-4000-9A2A-F393259CC277}.Debug|x64.ActiveCfg = Debug|Any CPU
		{E5652E5D-2E70-4000-9A2A-F393259CC277}.Debug|x64.Build.0 = Debug|Any CPU
		{E5652E5D-2E70-4000-9A2A-F393259CC277}.Debug|x86.ActiveCfg = Debug|Any CPU
		{E5652E5D-2E70-4000-9A2A-F393259CC277}.Debug|x86.Build.0 = Debug|Any CPU
		{E5652E5D-2E70-4000-9A2A-F393259CC277}.Release|Any CPU.ActiveCfg = Release|Any CPU
		{E5652E5D-2E70-4000-9A2A-F393259CC277}.Release|Any CPU.Build.0 = Release|Any CPU
		{E5652E5D-2E70-4000-9A2A-F393259CC277}.Release|x64.ActiveCfg = Release|Any CPU
		{E5652E5D-2E70-4000-9A2A-F393259CC277}.Release|x64.Build.0 = Release|Any CPU
		{E5652E5D-2E70-4000-9A2A-F393259CC277}.Release|x86.ActiveCfg = Release|Any CPU
		{E5652E5D-2E70-4000-9A2A-F393259CC277}.Release|x86.Build.0 = Release|Any CPU
		{B9E2E217-B8EA-421F-892E-37FBE166D643}.Debug|Any CPU.ActiveCfg = Debug|Any CPU
		{B9E2E217-B8EA-421F-892E-37FBE166D643}.Debug|Any CPU.Build.0 = Debug|Any CPU
		{B9E2E217-B8EA-421F-892E-37FBE166D643}.Debug|x64.ActiveCfg = Debug|Any CPU
		{B9E2E217-B8EA-421F-892E-37FBE166D643}.Debug|x64.Build.0 = Debug|Any CPU
		{B9E2E217-B8EA-421F-892E-37FBE166D643}.Debug|x86.ActiveCfg = Debug|Any CPU
		{B9E2E217-B8EA-421F-892E-37FBE166D643}.Debug|x86.Build.0 = Debug|Any CPU
		{B9E2E217-B8EA-421F-892E-37FBE166D643}.Release|Any CPU.ActiveCfg = Release|Any CPU
		{B9E2E217-B8EA-421F-892E-37FBE166D643}.Release|Any CPU.Build.0 = Release|Any CPU
		{B9E2E217-B8EA-421F-892E-37FBE166D643}.Release|x64.ActiveCfg = Release|Any CPU
		{B9E2E217-B8EA-421F-892E-37FBE166D643}.Release|x64.Build.0 = Release|Any CPU
		{B9E2E217-B8EA-421F-892E-37FBE166D643}.Release|x86.ActiveCfg = Release|Any CPU
		{B9E2E217-B8EA-421F-892E-37FBE166D643}.Release|x86.Build.0 = Release|Any CPU
		{855A4079-5E11-4790-9258-0701C901F1FE}.Debug|Any CPU.ActiveCfg = Debug|Any CPU
		{855A4079-5E11-4790-9258-0701C901F1FE}.Debug|Any CPU.Build.0 = Debug|Any CPU
		{855A4079-5E11-4790-9258-0701C901F1FE}.Debug|x64.ActiveCfg = Debug|Any CPU
		{855A4079-5E11-4790-9258-0701C901F1FE}.Debug|x64.Build.0 = Debug|Any CPU
		{855A4079-5E11-4790-9258-0701C901F1FE}.Debug|x86.ActiveCfg = Debug|Any CPU
		{855A4079-5E11-4790-9258-0701C901F1FE}.Debug|x86.Build.0 = Debug|Any CPU
		{855A4079-5E11-4790-9258-0701C901F1FE}.Release|Any CPU.ActiveCfg = Release|Any CPU
		{855A4079-5E11-4790-9258-0701C901F1FE}.Release|Any CPU.Build.0 = Release|Any CPU
		{855A4079-5E11-4790-9258-0701C901F1FE}.Release|x64.ActiveCfg = Release|Any CPU
		{855A4079-5E11-4790-9258-0701C901F1FE}.Release|x64.Build.0 = Release|Any CPU
		{855A4079-5E11-4790-9258-0701C901F1FE}.Release|x86.ActiveCfg = Release|Any CPU
		{855A4079-5E11-4790-9258-0701C901F1FE}.Release|x86.Build.0 = Release|Any CPU
		{40C43D6E-8416-4F6D-B626-BE336DE08DF3}.Debug|Any CPU.ActiveCfg = Debug|Any CPU
		{40C43D6E-8416-4F6D-B626-BE336DE08DF3}.Debug|Any CPU.Build.0 = Debug|Any CPU
		{40C43D6E-8416-4F6D-B626-BE336DE08DF3}.Debug|x64.ActiveCfg = Debug|Any CPU
		{40C43D6E-8416-4F6D-B626-BE336DE08DF3}.Debug|x64.Build.0 = Debug|Any CPU
		{40C43D6E-8416-4F6D-B626-BE336DE08DF3}.Debug|x86.ActiveCfg = Debug|Any CPU
		{40C43D6E-8416-4F6D-B626-BE336DE08DF3}.Debug|x86.Build.0 = Debug|Any CPU
		{40C43D6E-8416-4F6D-B626-BE336DE08DF3}.Release|Any CPU.ActiveCfg = Release|Any CPU
		{40C43D6E-8416-4F6D-B626-BE336DE08DF3}.Release|Any CPU.Build.0 = Release|Any CPU
		{40C43D6E-8416-4F6D-B626-BE336DE08DF3}.Release|x64.ActiveCfg = Release|Any CPU
		{40C43D6E-8416-4F6D-B626-BE336DE08DF3}.Release|x64.Build.0 = Release|Any CPU
		{40C43D6E-8416-4F6D-B626-BE336DE08DF3}.Release|x86.ActiveCfg = Release|Any CPU
		{40C43D6E-8416-4F6D-B626-BE336DE08DF3}.Release|x86.Build.0 = Release|Any CPU
		{2BB1C249-55D0-4195-AAD6-A6EE2B7CB781}.Debug|Any CPU.ActiveCfg = Debug|Any CPU
		{2BB1C249-55D0-4195-AAD6-A6EE2B7CB781}.Debug|Any CPU.Build.0 = Debug|Any CPU
		{2BB1C249-55D0-4195-AAD6-A6EE2B7CB781}.Debug|x64.ActiveCfg = Debug|Any CPU
		{2BB1C249-55D0-4195-AAD6-A6EE2B7CB781}.Debug|x64.Build.0 = Debug|Any CPU
		{2BB1C249-55D0-4195-AAD6-A6EE2B7CB781}.Debug|x86.ActiveCfg = Debug|Any CPU
		{2BB1C249-55D0-4195-AAD6-A6EE2B7CB781}.Debug|x86.Build.0 = Debug|Any CPU
		{2BB1C249-55D0-4195-AAD6-A6EE2B7CB781}.Release|Any CPU.ActiveCfg = Release|Any CPU
		{2BB1C249-55D0-4195-AAD6-A6EE2B7CB781}.Release|Any CPU.Build.0 = Release|Any CPU
		{2BB1C249-55D0-4195-AAD6-A6EE2B7CB781}.Release|x64.ActiveCfg = Release|Any CPU
		{2BB1C249-55D0-4195-AAD6-A6EE2B7CB781}.Release|x64.Build.0 = Release|Any CPU
		{2BB1C249-55D0-4195-AAD6-A6EE2B7CB781}.Release|x86.ActiveCfg = Release|Any CPU
		{2BB1C249-55D0-4195-AAD6-A6EE2B7CB781}.Release|x86.Build.0 = Release|Any CPU
		{960BC4E0-31A6-46C0-8990-0A79B78AD30C}.Debug|Any CPU.ActiveCfg = Debug|Any CPU
		{960BC4E0-31A6-46C0-8990-0A79B78AD30C}.Debug|Any CPU.Build.0 = Debug|Any CPU
		{960BC4E0-31A6-46C0-8990-0A79B78AD30C}.Debug|x64.ActiveCfg = Debug|Any CPU
		{960BC4E0-31A6-46C0-8990-0A79B78AD30C}.Debug|x64.Build.0 = Debug|Any CPU
		{960BC4E0-31A6-46C0-8990-0A79B78AD30C}.Debug|x86.ActiveCfg = Debug|Any CPU
		{960BC4E0-31A6-46C0-8990-0A79B78AD30C}.Debug|x86.Build.0 = Debug|Any CPU
		{960BC4E0-31A6-46C0-8990-0A79B78AD30C}.Release|Any CPU.ActiveCfg = Release|Any CPU
		{960BC4E0-31A6-46C0-8990-0A79B78AD30C}.Release|Any CPU.Build.0 = Release|Any CPU
		{960BC4E0-31A6-46C0-8990-0A79B78AD30C}.Release|x64.ActiveCfg = Release|Any CPU
		{960BC4E0-31A6-46C0-8990-0A79B78AD30C}.Release|x64.Build.0 = Release|Any CPU
		{960BC4E0-31A6-46C0-8990-0A79B78AD30C}.Release|x86.ActiveCfg = Release|Any CPU
		{960BC4E0-31A6-46C0-8990-0A79B78AD30C}.Release|x86.Build.0 = Release|Any CPU
		{BA84B6E3-DCE8-4BA1-8B41-F8D49D70A337}.Debug|Any CPU.ActiveCfg = Debug|Any CPU
		{BA84B6E3-DCE8-4BA1-8B41-F8D49D70A337}.Debug|Any CPU.Build.0 = Debug|Any CPU
		{BA84B6E3-DCE8-4BA1-8B41-F8D49D70A337}.Debug|x64.ActiveCfg = Debug|Any CPU
		{BA84B6E3-DCE8-4BA1-8B41-F8D49D70A337}.Debug|x64.Build.0 = Debug|Any CPU
		{BA84B6E3-DCE8-4BA1-8B41-F8D49D70A337}.Debug|x86.ActiveCfg = Debug|Any CPU
		{BA84B6E3-DCE8-4BA1-8B41-F8D49D70A337}.Debug|x86.Build.0 = Debug|Any CPU
		{BA84B6E3-DCE8-4BA1-8B41-F8D49D70A337}.Release|Any CPU.ActiveCfg = Release|Any CPU
		{BA84B6E3-DCE8-4BA1-8B41-F8D49D70A337}.Release|Any CPU.Build.0 = Release|Any CPU
		{BA84B6E3-DCE8-4BA1-8B41-F8D49D70A337}.Release|x64.ActiveCfg = Release|Any CPU
		{BA84B6E3-DCE8-4BA1-8B41-F8D49D70A337}.Release|x64.Build.0 = Release|Any CPU
		{BA84B6E3-DCE8-4BA1-8B41-F8D49D70A337}.Release|x86.ActiveCfg = Release|Any CPU
		{BA84B6E3-DCE8-4BA1-8B41-F8D49D70A337}.Release|x86.Build.0 = Release|Any CPU
		{CD5835C6-2C41-4E08-AEEC-095FD616A117}.Debug|Any CPU.ActiveCfg = Debug|Any CPU
		{CD5835C6-2C41-4E08-AEEC-095FD616A117}.Debug|Any CPU.Build.0 = Debug|Any CPU
		{CD5835C6-2C41-4E08-AEEC-095FD616A117}.Debug|x64.ActiveCfg = Debug|Any CPU
		{CD5835C6-2C41-4E08-AEEC-095FD616A117}.Debug|x64.Build.0 = Debug|Any CPU
		{CD5835C6-2C41-4E08-AEEC-095FD616A117}.Debug|x86.ActiveCfg = Debug|Any CPU
		{CD5835C6-2C41-4E08-AEEC-095FD616A117}.Debug|x86.Build.0 = Debug|Any CPU
		{CD5835C6-2C41-4E08-AEEC-095FD616A117}.Release|Any CPU.ActiveCfg = Release|Any CPU
		{CD5835C6-2C41-4E08-AEEC-095FD616A117}.Release|Any CPU.Build.0 = Release|Any CPU
		{CD5835C6-2C41-4E08-AEEC-095FD616A117}.Release|x64.ActiveCfg = Release|Any CPU
		{CD5835C6-2C41-4E08-AEEC-095FD616A117}.Release|x64.Build.0 = Release|Any CPU
		{CD5835C6-2C41-4E08-AEEC-095FD616A117}.Release|x86.ActiveCfg = Release|Any CPU
		{CD5835C6-2C41-4E08-AEEC-095FD616A117}.Release|x86.Build.0 = Release|Any CPU
		{F047AD0D-6CBC-464B-AE0E-0DFB88C1F35F}.Debug|Any CPU.ActiveCfg = Debug|Any CPU
		{F047AD0D-6CBC-464B-AE0E-0DFB88C1F35F}.Debug|Any CPU.Build.0 = Debug|Any CPU
		{F047AD0D-6CBC-464B-AE0E-0DFB88C1F35F}.Debug|x64.ActiveCfg = Debug|Any CPU
		{F047AD0D-6CBC-464B-AE0E-0DFB88C1F35F}.Debug|x64.Build.0 = Debug|Any CPU
		{F047AD0D-6CBC-464B-AE0E-0DFB88C1F35F}.Debug|x86.ActiveCfg = Debug|Any CPU
		{F047AD0D-6CBC-464B-AE0E-0DFB88C1F35F}.Debug|x86.Build.0 = Debug|Any CPU
		{F047AD0D-6CBC-464B-AE0E-0DFB88C1F35F}.Release|Any CPU.ActiveCfg = Release|Any CPU
		{F047AD0D-6CBC-464B-AE0E-0DFB88C1F35F}.Release|Any CPU.Build.0 = Release|Any CPU
		{F047AD0D-6CBC-464B-AE0E-0DFB88C1F35F}.Release|x64.ActiveCfg = Release|Any CPU
		{F047AD0D-6CBC-464B-AE0E-0DFB88C1F35F}.Release|x64.Build.0 = Release|Any CPU
		{F047AD0D-6CBC-464B-AE0E-0DFB88C1F35F}.Release|x86.ActiveCfg = Release|Any CPU
		{F047AD0D-6CBC-464B-AE0E-0DFB88C1F35F}.Release|x86.Build.0 = Release|Any CPU
		{DAB82B9B-527E-4BE2-BEED-59E6339875C0}.Debug|Any CPU.ActiveCfg = Debug|Any CPU
		{DAB82B9B-527E-4BE2-BEED-59E6339875C0}.Debug|Any CPU.Build.0 = Debug|Any CPU
		{DAB82B9B-527E-4BE2-BEED-59E6339875C0}.Debug|x64.ActiveCfg = Debug|Any CPU
		{DAB82B9B-527E-4BE2-BEED-59E6339875C0}.Debug|x64.Build.0 = Debug|Any CPU
		{DAB82B9B-527E-4BE2-BEED-59E6339875C0}.Debug|x86.ActiveCfg = Debug|Any CPU
		{DAB82B9B-527E-4BE2-BEED-59E6339875C0}.Debug|x86.Build.0 = Debug|Any CPU
		{DAB82B9B-527E-4BE2-BEED-59E6339875C0}.Release|Any CPU.ActiveCfg = Release|Any CPU
		{DAB82B9B-527E-4BE2-BEED-59E6339875C0}.Release|Any CPU.Build.0 = Release|Any CPU
		{DAB82B9B-527E-4BE2-BEED-59E6339875C0}.Release|x64.ActiveCfg = Release|Any CPU
		{DAB82B9B-527E-4BE2-BEED-59E6339875C0}.Release|x64.Build.0 = Release|Any CPU
		{DAB82B9B-527E-4BE2-BEED-59E6339875C0}.Release|x86.ActiveCfg = Release|Any CPU
		{DAB82B9B-527E-4BE2-BEED-59E6339875C0}.Release|x86.Build.0 = Release|Any CPU
		{82B3D597-7598-46E7-967E-CCAA60519F20}.Debug|Any CPU.ActiveCfg = Debug|Any CPU
		{82B3D597-7598-46E7-967E-CCAA60519F20}.Debug|Any CPU.Build.0 = Debug|Any CPU
		{82B3D597-7598-46E7-967E-CCAA60519F20}.Debug|x64.ActiveCfg = Debug|Any CPU
		{82B3D597-7598-46E7-967E-CCAA60519F20}.Debug|x64.Build.0 = Debug|Any CPU
		{82B3D597-7598-46E7-967E-CCAA60519F20}.Debug|x86.ActiveCfg = Debug|Any CPU
		{82B3D597-7598-46E7-967E-CCAA60519F20}.Debug|x86.Build.0 = Debug|Any CPU
		{82B3D597-7598-46E7-967E-CCAA60519F20}.Release|Any CPU.ActiveCfg = Release|Any CPU
		{82B3D597-7598-46E7-967E-CCAA60519F20}.Release|Any CPU.Build.0 = Release|Any CPU
		{82B3D597-7598-46E7-967E-CCAA60519F20}.Release|x64.ActiveCfg = Release|Any CPU
		{82B3D597-7598-46E7-967E-CCAA60519F20}.Release|x64.Build.0 = Release|Any CPU
		{82B3D597-7598-46E7-967E-CCAA60519F20}.Release|x86.ActiveCfg = Release|Any CPU
		{82B3D597-7598-46E7-967E-CCAA60519F20}.Release|x86.Build.0 = Release|Any CPU
		{9472AEBA-79D9-48ED-8EBC-79DA9CC858ED}.Debug|Any CPU.ActiveCfg = Debug|Any CPU
		{9472AEBA-79D9-48ED-8EBC-79DA9CC858ED}.Debug|Any CPU.Build.0 = Debug|Any CPU
		{9472AEBA-79D9-48ED-8EBC-79DA9CC858ED}.Debug|x64.ActiveCfg = Debug|Any CPU
		{9472AEBA-79D9-48ED-8EBC-79DA9CC858ED}.Debug|x64.Build.0 = Debug|Any CPU
		{9472AEBA-79D9-48ED-8EBC-79DA9CC858ED}.Debug|x86.ActiveCfg = Debug|Any CPU
		{9472AEBA-79D9-48ED-8EBC-79DA9CC858ED}.Debug|x86.Build.0 = Debug|Any CPU
		{9472AEBA-79D9-48ED-8EBC-79DA9CC858ED}.Release|Any CPU.ActiveCfg = Release|Any CPU
		{9472AEBA-79D9-48ED-8EBC-79DA9CC858ED}.Release|Any CPU.Build.0 = Release|Any CPU
		{9472AEBA-79D9-48ED-8EBC-79DA9CC858ED}.Release|x64.ActiveCfg = Release|Any CPU
		{9472AEBA-79D9-48ED-8EBC-79DA9CC858ED}.Release|x64.Build.0 = Release|Any CPU
		{9472AEBA-79D9-48ED-8EBC-79DA9CC858ED}.Release|x86.ActiveCfg = Release|Any CPU
		{9472AEBA-79D9-48ED-8EBC-79DA9CC858ED}.Release|x86.Build.0 = Release|Any CPU
		{3945CC15-A375-4FF3-B2D1-086DF1B3DBF5}.Debug|Any CPU.ActiveCfg = Debug|Any CPU
		{3945CC15-A375-4FF3-B2D1-086DF1B3DBF5}.Debug|Any CPU.Build.0 = Debug|Any CPU
		{3945CC15-A375-4FF3-B2D1-086DF1B3DBF5}.Debug|x64.ActiveCfg = Debug|Any CPU
		{3945CC15-A375-4FF3-B2D1-086DF1B3DBF5}.Debug|x64.Build.0 = Debug|Any CPU
		{3945CC15-A375-4FF3-B2D1-086DF1B3DBF5}.Debug|x86.ActiveCfg = Debug|Any CPU
		{3945CC15-A375-4FF3-B2D1-086DF1B3DBF5}.Debug|x86.Build.0 = Debug|Any CPU
		{3945CC15-A375-4FF3-B2D1-086DF1B3DBF5}.Release|Any CPU.ActiveCfg = Release|Any CPU
		{3945CC15-A375-4FF3-B2D1-086DF1B3DBF5}.Release|Any CPU.Build.0 = Release|Any CPU
		{3945CC15-A375-4FF3-B2D1-086DF1B3DBF5}.Release|x64.ActiveCfg = Release|Any CPU
		{3945CC15-A375-4FF3-B2D1-086DF1B3DBF5}.Release|x64.Build.0 = Release|Any CPU
		{3945CC15-A375-4FF3-B2D1-086DF1B3DBF5}.Release|x86.ActiveCfg = Release|Any CPU
		{3945CC15-A375-4FF3-B2D1-086DF1B3DBF5}.Release|x86.Build.0 = Release|Any CPU
		{6C1CB4A6-23EF-4DE9-BCAB-3BC3C2D13D92}.Debug|Any CPU.ActiveCfg = Debug|Any CPU
		{6C1CB4A6-23EF-4DE9-BCAB-3BC3C2D13D92}.Debug|Any CPU.Build.0 = Debug|Any CPU
		{6C1CB4A6-23EF-4DE9-BCAB-3BC3C2D13D92}.Debug|x64.ActiveCfg = Debug|Any CPU
		{6C1CB4A6-23EF-4DE9-BCAB-3BC3C2D13D92}.Debug|x64.Build.0 = Debug|Any CPU
		{6C1CB4A6-23EF-4DE9-BCAB-3BC3C2D13D92}.Debug|x86.ActiveCfg = Debug|Any CPU
		{6C1CB4A6-23EF-4DE9-BCAB-3BC3C2D13D92}.Debug|x86.Build.0 = Debug|Any CPU
		{6C1CB4A6-23EF-4DE9-BCAB-3BC3C2D13D92}.Release|Any CPU.ActiveCfg = Release|Any CPU
		{6C1CB4A6-23EF-4DE9-BCAB-3BC3C2D13D92}.Release|Any CPU.Build.0 = Release|Any CPU
		{6C1CB4A6-23EF-4DE9-BCAB-3BC3C2D13D92}.Release|x64.ActiveCfg = Release|Any CPU
		{6C1CB4A6-23EF-4DE9-BCAB-3BC3C2D13D92}.Release|x64.Build.0 = Release|Any CPU
		{6C1CB4A6-23EF-4DE9-BCAB-3BC3C2D13D92}.Release|x86.ActiveCfg = Release|Any CPU
		{6C1CB4A6-23EF-4DE9-BCAB-3BC3C2D13D92}.Release|x86.Build.0 = Release|Any CPU
		{68ACDD19-80E3-4C42-B4AF-CA007713D0CB}.Debug|Any CPU.ActiveCfg = Debug|Any CPU
		{68ACDD19-80E3-4C42-B4AF-CA007713D0CB}.Debug|Any CPU.Build.0 = Debug|Any CPU
		{68ACDD19-80E3-4C42-B4AF-CA007713D0CB}.Debug|x64.ActiveCfg = Debug|Any CPU
		{68ACDD19-80E3-4C42-B4AF-CA007713D0CB}.Debug|x64.Build.0 = Debug|Any CPU
		{68ACDD19-80E3-4C42-B4AF-CA007713D0CB}.Debug|x86.ActiveCfg = Debug|Any CPU
		{68ACDD19-80E3-4C42-B4AF-CA007713D0CB}.Debug|x86.Build.0 = Debug|Any CPU
		{68ACDD19-80E3-4C42-B4AF-CA007713D0CB}.Release|Any CPU.ActiveCfg = Release|Any CPU
		{68ACDD19-80E3-4C42-B4AF-CA007713D0CB}.Release|Any CPU.Build.0 = Release|Any CPU
		{68ACDD19-80E3-4C42-B4AF-CA007713D0CB}.Release|x64.ActiveCfg = Release|Any CPU
		{68ACDD19-80E3-4C42-B4AF-CA007713D0CB}.Release|x64.Build.0 = Release|Any CPU
		{68ACDD19-80E3-4C42-B4AF-CA007713D0CB}.Release|x86.ActiveCfg = Release|Any CPU
		{68ACDD19-80E3-4C42-B4AF-CA007713D0CB}.Release|x86.Build.0 = Release|Any CPU
	EndGlobalSection
	GlobalSection(SolutionProperties) = preSolution
		HideSolutionNode = FALSE
	EndGlobalSection
	GlobalSection(NestedProjects) = preSolution
		{BF25999A-B8E3-47CE-B424-7B679686C540} = {9FD26C66-A3D5-4829-9776-F9F29C149D1F}
		{0BE58CFB-56E3-4EC1-A06E-9DCEB563930A} = {9FD26C66-A3D5-4829-9776-F9F29C149D1F}
		{8940B7E6-719C-4690-96EF-29E1095791C7} = {EAECF52D-8C68-4673-A44D-12F92ACE2D5E}
		{D4E90DCE-912F-4CCC-A7B7-BEAE73E547B6} = {793573AD-4E80-492D-8D8E-3C30C2D66D71}
		{31A3B568-01D1-41A5-80B4-586381AB704B} = {9FD26C66-A3D5-4829-9776-F9F29C149D1F}
		{26B37445-DCB9-4B7F-8D29-F06B2D2F7C56} = {484241F9-6777-4264-A3DE-E55FBBC9783E}
		{EB0E829B-3D7A-4120-9E20-F4A97B05BC16} = {01A177A7-9238-48BF-BD8A-BE8E2EE44C16}
		{334B05F4-1179-447C-976F-2A8281EBEE4A} = {C0C61F61-3A29-4951-8CD6-AF3FCCEF0E48}
		{E5652E5D-2E70-4000-9A2A-F393259CC277} = {793573AD-4E80-492D-8D8E-3C30C2D66D71}
		{B9E2E217-B8EA-421F-892E-37FBE166D643} = {2E90BDDC-45BE-43D2-A686-DC6B7E2CD0D3}
		{855A4079-5E11-4790-9258-0701C901F1FE} = {BD95A352-713B-41E4-976E-F7BF485A80A9}
		{40C43D6E-8416-4F6D-B626-BE336DE08DF3} = {4A6C828A-839C-45F8-94F7-17BAC63B8D29}
		{2BB1C249-55D0-4195-AAD6-A6EE2B7CB781} = {4A6C828A-839C-45F8-94F7-17BAC63B8D29}
		{18890578-CD2F-424B-860B-218D6996DDEF} = {4A6C828A-839C-45F8-94F7-17BAC63B8D29}
		{960BC4E0-31A6-46C0-8990-0A79B78AD30C} = {18890578-CD2F-424B-860B-218D6996DDEF}
		{BA84B6E3-DCE8-4BA1-8B41-F8D49D70A337} = {18890578-CD2F-424B-860B-218D6996DDEF}
		{CD5835C6-2C41-4E08-AEEC-095FD616A117} = {18890578-CD2F-424B-860B-218D6996DDEF}
		{F047AD0D-6CBC-464B-AE0E-0DFB88C1F35F} = {4A6C828A-839C-45F8-94F7-17BAC63B8D29}
		{DAB82B9B-527E-4BE2-BEED-59E6339875C0} = {793573AD-4E80-492D-8D8E-3C30C2D66D71}
		{82B3D597-7598-46E7-967E-CCAA60519F20} = {2B6BB370-8DCB-469A-8CE3-0B7491F702A2}
		{9472AEBA-79D9-48ED-8EBC-79DA9CC858ED} = {B5B5A8CF-E12C-44AB-B3BC-F74561624887}
		{3945CC15-A375-4FF3-B2D1-086DF1B3DBF5} = {92ACC859-244C-4BA0-AA02-491C4C427BC4}
		{6C1CB4A6-23EF-4DE9-BCAB-3BC3C2D13D92} = {92ACC859-244C-4BA0-AA02-491C4C427BC4}
		{68ACDD19-80E3-4C42-B4AF-CA007713D0CB} = {92ACC859-244C-4BA0-AA02-491C4C427BC4}
	EndGlobalSection
	GlobalSection(ExtensibilityGlobals) = postSolution
		SolutionGuid = {78FE14F7-FDF2-4099-ADE9-4BEC597D6B67}
	EndGlobalSection
EndGlobal
